
Microsoft Visual Studio Solution File, Format Version 12.00
# Visual Studio Version 17
VisualStudioVersion = 17.9.34622.214
MinimumVisualStudioVersion = 10.0.40219.1
Project("{9A19103F-16F7-4668-BE54-9A1E7A4F7556}") = "PMS.WebUI", "PMS.WebUI.csproj", "{561B6645-F0F4-464E-BA91-B127E49F45AD}"
EndProject
Project("{9A19103F-16F7-4668-BE54-9A1E7A4F7556}") = "PMS.EntityLayer", "..\PMS-EntityLayer\PMS.EntityLayer.csproj", "{6374E0E5-3DC2-4E14-B186-70D3CAF42A47}"
EndProject
Project("{9A19103F-16F7-4668-BE54-9A1E7A4F7556}") = "PMS.CoreLayer", "..\PMS.Core\PMS.CoreLayer.csproj", "{F12F938B-6FB0-4B7F-A923-74E79585908B}"
EndProject
Project("{9A19103F-16F7-4668-BE54-9A1E7A4F7556}") = "PMS.DataLayer", "..\PMS.DataLayer\PMS.DataLayer.csproj", "{66860842-369E-4FA0-B477-D4D1C99BBA4C}"
EndProject
Project("{9A19103F-16F7-4668-BE54-9A1E7A4F7556}") = "PMS.ServiceLayer", "..\PMS.ServiceLayer\PMS.ServiceLayer.csproj", "{887601CF-9AB8-494D-9EA1-6661F0E61EB5}"
EndProject
Global
	GlobalSection(SolutionConfigurationPlatforms) = preSolution
		Debug|Any CPU = Debug|Any CPU
		Release|Any CPU = Release|Any CPU
	EndGlobalSection
	GlobalSection(ProjectConfigurationPlatforms) = postSolution
		{561B6645-F0F4-464E-BA91-B127E49F45AD}.Debug|Any CPU.ActiveCfg = Debug|Any CPU
		{561B6645-F0F4-464E-BA91-B127E49F45AD}.Debug|Any CPU.Build.0 = Debug|Any CPU
		{561B6645-F0F4-464E-BA91-B127E49F45AD}.Release|Any CPU.ActiveCfg = Release|Any CPU
		{561B6645-F0F4-464E-BA91-B127E49F45AD}.Release|Any CPU.Build.0 = Release|Any CPU
		{6374E0E5-3DC2-4E14-B186-70D3CAF42A47}.Debug|Any CPU.ActiveCfg = Debug|Any CPU
		{6374E0E5-3DC2-4E14-B186-70D3CAF42A47}.Debug|Any CPU.Build.0 = Debug|Any CPU
		{6374E0E5-3DC2-4E14-B186-70D3CAF42A47}.Release|Any CPU.ActiveCfg = Release|Any CPU
		{6374E0E5-3DC2-4E14-B186-70D3CAF42A47}.Release|Any CPU.Build.0 = Release|Any CPU
		{F12F938B-6FB0-4B7F-A923-74E79585908B}.Debug|Any CPU.ActiveCfg = Debug|Any CPU
		{F12F938B-6FB0-4B7F-A923-74E79585908B}.Debug|Any CPU.Build.0 = Debug|Any CPU
		{F12F938B-6FB0-4B7F-A923-74E79585908B}.Release|Any CPU.ActiveCfg = Release|Any CPU
		{F12F938B-6FB0-4B7F-A923-74E79585908B}.Release|Any CPU.Build.0 = Release|Any CPU
		{66860842-369E-4FA0-B477-D4D1C99BBA4C}.Debug|Any CPU.ActiveCfg = Debug|Any CPU
		{66860842-369E-4FA0-B477-D4D1C99BBA4C}.Debug|Any CPU.Build.0 = Debug|Any CPU
		{66860842-369E-4FA0-B477-D4D1C99BBA4C}.Release|Any CPU.ActiveCfg = Release|Any CPU
		{66860842-369E-4FA0-B477-D4D1C99BBA4C}.Release|Any CPU.Build.0 = Release|Any CPU
		{887601CF-9AB8-494D-9EA1-6661F0E61EB5}.Debug|Any CPU.ActiveCfg = Debug|Any CPU
		{887601CF-9AB8-494D-9EA1-6661F0E61EB5}.Debug|Any CPU.Build.0 = Debug|Any CPU
		{887601CF-9AB8-494D-9EA1-6661F0E61EB5}.Release|Any CPU.ActiveCfg = Release|Any CPU
		{887601CF-9AB8-494D-9EA1-6661F0E61EB5}.Release|Any CPU.Build.0 = Release|Any CPU
	EndGlobalSection
	GlobalSection(SolutionProperties) = preSolution
		HideSolutionNode = FALSE
	EndGlobalSection
	GlobalSection(ExtensibilityGlobals) = postSolution
		SolutionGuid = {2E1563A2-9742-4848-A50D-24BAF01C047B}
	EndGlobalSection
EndGlobal
